// !$*UTF8*$!
{
	archiveVersion = 1;
	classes = {
	};
	objectVersion = 46;
	objects = {

/* Begin PBXBuildFile section */
		2452C96F194F041B00850235 /* AppDelegate.swift in Sources */ = {isa = PBXBuildFile; fileRef = 2452C96E194F041B00850235 /* AppDelegate.swift */; };
		2452C971194F041B00850235 /* Images.xcassets in Resources */ = {isa = PBXBuildFile; fileRef = 2452C970194F041B00850235 /* Images.xcassets */; };
		2452C97D194F041B00850235 /* SwiftBasicSampleTests.swift in Sources */ = {isa = PBXBuildFile; fileRef = 2452C97C194F041B00850235 /* SwiftBasicSampleTests.swift */; };
		7430FE95194F41D000BA965B /* AppDelegate.swift in Sources */ = {isa = PBXBuildFile; fileRef = 7430FE94194F41D000BA965B /* AppDelegate.swift */; };
		7430FE97194F41D000BA965B /* Images.xcassets in Resources */ = {isa = PBXBuildFile; fileRef = 7430FE96194F41D000BA965B /* Images.xcassets */; };
		7430FEA3194F41D000BA965B /* SwiftClosureSampleTests.swift in Sources */ = {isa = PBXBuildFile; fileRef = 7430FEA2194F41D000BA965B /* SwiftClosureSampleTests.swift */; };
		7430FEB1194F428400BA965B /* ClosureSample.swift in Sources */ = {isa = PBXBuildFile; fileRef = 7430FEB0194F428400BA965B /* ClosureSample.swift */; };
/* End PBXBuildFile section */

/* Begin PBXContainerItemProxy section */
		2452C977194F041B00850235 /* PBXContainerItemProxy */ = {
			isa = PBXContainerItemProxy;
			containerPortal = 2452C961194F041B00850235 /* Project object */;
			proxyType = 1;
			remoteGlobalIDString = 2452C968194F041B00850235;
			remoteInfo = SwiftBasicSample;
		};
		7430FE9D194F41D000BA965B /* PBXContainerItemProxy */ = {
			isa = PBXContainerItemProxy;
			containerPortal = 2452C961194F041B00850235 /* Project object */;
			proxyType = 1;
			remoteGlobalIDString = 7430FE8F194F41D000BA965B;
			remoteInfo = SwiftClosureSample;
		};
		7430FEAA194F41D100BA965B /* PBXContainerItemProxy */ = {
			isa = PBXContainerItemProxy;
			containerPortal = 2452C961194F041B00850235 /* Project object */;
			proxyType = 1;
			remoteGlobalIDString = 7430FE8F194F41D000BA965B;
			remoteInfo = SwiftClosureSample;
		};
		7430FEAC194F41D200BA965B /* PBXContainerItemProxy */ = {
			isa = PBXContainerItemProxy;
			containerPortal = 2452C961194F041B00850235 /* Project object */;
			proxyType = 1;
			remoteGlobalIDString = 7430FE8F194F41D000BA965B;
			remoteInfo = SwiftClosureSample;
		};
		7430FEAE194F41D200BA965B /* PBXContainerItemProxy */ = {
			isa = PBXContainerItemProxy;
			containerPortal = 2452C961194F041B00850235 /* Project object */;
			proxyType = 1;
			remoteGlobalIDString = 7430FE8F194F41D000BA965B;
			remoteInfo = SwiftClosureSample;
		};
/* End PBXContainerItemProxy section */

/* Begin PBXFileReference section */
		2452C969194F041B00850235 /* SwiftBasicSample.app */ = {isa = PBXFileReference; explicitFileType = wrapper.application; includeInIndex = 0; path = SwiftBasicSample.app; sourceTree = BUILT_PRODUCTS_DIR; };
		2452C96D194F041B00850235 /* Info.plist */ = {isa = PBXFileReference; lastKnownFileType = text.plist.xml; path = Info.plist; sourceTree = "<group>"; };
		2452C96E194F041B00850235 /* AppDelegate.swift */ = {isa = PBXFileReference; lastKnownFileType = sourcecode.swift; path = AppDelegate.swift; sourceTree = "<group>"; };
		2452C970194F041B00850235 /* Images.xcassets */ = {isa = PBXFileReference; lastKnownFileType = folder.assetcatalog; path = Images.xcassets; sourceTree = "<group>"; };
		2452C976194F041B00850235 /* SwiftBasicSampleTests.xctest */ = {isa = PBXFileReference; explicitFileType = wrapper.cfbundle; includeInIndex = 0; path = SwiftBasicSampleTests.xctest; sourceTree = BUILT_PRODUCTS_DIR; };
		2452C97B194F041B00850235 /* Info.plist */ = {isa = PBXFileReference; lastKnownFileType = text.plist.xml; path = Info.plist; sourceTree = "<group>"; };
		2452C97C194F041B00850235 /* SwiftBasicSampleTests.swift */ = {isa = PBXFileReference; lastKnownFileType = sourcecode.swift; path = SwiftBasicSampleTests.swift; sourceTree = "<group>"; };
		7430FE90194F41D000BA965B /* SwiftClosureSample.app */ = {isa = PBXFileReference; explicitFileType = wrapper.application; includeInIndex = 0; path = SwiftClosureSample.app; sourceTree = BUILT_PRODUCTS_DIR; };
		7430FE93194F41D000BA965B /* Info.plist */ = {isa = PBXFileReference; lastKnownFileType = text.plist.xml; path = Info.plist; sourceTree = "<group>"; };
		7430FE94194F41D000BA965B /* AppDelegate.swift */ = {isa = PBXFileReference; lastKnownFileType = sourcecode.swift; path = AppDelegate.swift; sourceTree = "<group>"; };
		7430FE96194F41D000BA965B /* Images.xcassets */ = {isa = PBXFileReference; lastKnownFileType = folder.assetcatalog; path = Images.xcassets; sourceTree = "<group>"; };
		7430FE9C194F41D000BA965B /* SwiftClosureSampleTests.xctest */ = {isa = PBXFileReference; explicitFileType = wrapper.cfbundle; includeInIndex = 0; path = SwiftClosureSampleTests.xctest; sourceTree = BUILT_PRODUCTS_DIR; };
		7430FEA1194F41D000BA965B /* Info.plist */ = {isa = PBXFileReference; lastKnownFileType = text.plist.xml; path = Info.plist; sourceTree = "<group>"; };
		7430FEA2194F41D000BA965B /* SwiftClosureSampleTests.swift */ = {isa = PBXFileReference; lastKnownFileType = sourcecode.swift; path = SwiftClosureSampleTests.swift; sourceTree = "<group>"; };
		7430FEB0194F428400BA965B /* ClosureSample.swift */ = {isa = PBXFileReference; fileEncoding = 4; lastKnownFileType = sourcecode.swift; path = ClosureSample.swift; sourceTree = "<group>"; };
/* End PBXFileReference section */

/* Begin PBXFrameworksBuildPhase section */
		2452C966194F041B00850235 /* Frameworks */ = {
			isa = PBXFrameworksBuildPhase;
			buildActionMask = 2147483647;
			files = (
			);
			runOnlyForDeploymentPostprocessing = 0;
		};
		2452C973194F041B00850235 /* Frameworks */ = {
			isa = PBXFrameworksBuildPhase;
			buildActionMask = 2147483647;
			files = (
			);
			runOnlyForDeploymentPostprocessing = 0;
		};
		7430FE8D194F41D000BA965B /* Frameworks */ = {
			isa = PBXFrameworksBuildPhase;
			buildActionMask = 2147483647;
			files = (
			);
			runOnlyForDeploymentPostprocessing = 0;
		};
		7430FE99194F41D000BA965B /* Frameworks */ = {
			isa = PBXFrameworksBuildPhase;
			buildActionMask = 2147483647;
			files = (
			);
			runOnlyForDeploymentPostprocessing = 0;
		};
/* End PBXFrameworksBuildPhase section */

/* Begin PBXGroup section */
		2452C960194F041B00850235 = {
			isa = PBXGroup;
			children = (
				2452C96B194F041B00850235 /* SwiftBasicSample */,
				2452C979194F041B00850235 /* SwiftBasicSampleTests */,
				7430FE91194F41D000BA965B /* SwiftClosureSample */,
				7430FE9F194F41D000BA965B /* SwiftClosureSampleTests */,
				2452C96A194F041B00850235 /* Products */,
			);
			sourceTree = "<group>";
		};
		2452C96A194F041B00850235 /* Products */ = {
			isa = PBXGroup;
			children = (
				2452C969194F041B00850235 /* SwiftBasicSample.app */,
				2452C976194F041B00850235 /* SwiftBasicSampleTests.xctest */,
				7430FE90194F41D000BA965B /* SwiftClosureSample.app */,
				7430FE9C194F41D000BA965B /* SwiftClosureSampleTests.xctest */,
			);
			name = Products;
			sourceTree = "<group>";
		};
		2452C96B194F041B00850235 /* SwiftBasicSample */ = {
			isa = PBXGroup;
			children = (
				2452C96E194F041B00850235 /* AppDelegate.swift */,
				2452C970194F041B00850235 /* Images.xcassets */,
				2452C96C194F041B00850235 /* Supporting Files */,
			);
			path = SwiftBasicSample;
			sourceTree = "<group>";
		};
		2452C96C194F041B00850235 /* Supporting Files */ = {
			isa = PBXGroup;
			children = (
				2452C96D194F041B00850235 /* Info.plist */,
			);
			name = "Supporting Files";
			sourceTree = "<group>";
		};
		2452C979194F041B00850235 /* SwiftBasicSampleTests */ = {
			isa = PBXGroup;
			children = (
				2452C97C194F041B00850235 /* SwiftBasicSampleTests.swift */,
				2452C97A194F041B00850235 /* Supporting Files */,
			);
			path = SwiftBasicSampleTests;
			sourceTree = "<group>";
		};
		2452C97A194F041B00850235 /* Supporting Files */ = {
			isa = PBXGroup;
			children = (
				2452C97B194F041B00850235 /* Info.plist */,
			);
			name = "Supporting Files";
			sourceTree = "<group>";
		};
		7430FE91194F41D000BA965B /* SwiftClosureSample */ = {
			isa = PBXGroup;
			children = (
				7430FE94194F41D000BA965B /* AppDelegate.swift */,
				7430FEB0194F428400BA965B /* ClosureSample.swift */,
				7430FE96194F41D000BA965B /* Images.xcassets */,
				7430FE92194F41D000BA965B /* Supporting Files */,
			);
			path = SwiftClosureSample;
			sourceTree = "<group>";
		};
		7430FE92194F41D000BA965B /* Supporting Files */ = {
			isa = PBXGroup;
			children = (
				7430FE93194F41D000BA965B /* Info.plist */,
			);
			name = "Supporting Files";
			sourceTree = "<group>";
		};
		7430FE9F194F41D000BA965B /* SwiftClosureSampleTests */ = {
			isa = PBXGroup;
			children = (
				7430FEA2194F41D000BA965B /* SwiftClosureSampleTests.swift */,
				7430FEA0194F41D000BA965B /* Supporting Files */,
			);
			path = SwiftClosureSampleTests;
			sourceTree = "<group>";
		};
		7430FEA0194F41D000BA965B /* Supporting Files */ = {
			isa = PBXGroup;
			children = (
				7430FEA1194F41D000BA965B /* Info.plist */,
			);
			name = "Supporting Files";
			sourceTree = "<group>";
		};
/* End PBXGroup section */

/* Begin PBXNativeTarget section */
		2452C968194F041B00850235 /* SwiftBasicSample */ = {
			isa = PBXNativeTarget;
			buildConfigurationList = 2452C980194F041B00850235 /* Build configuration list for PBXNativeTarget "SwiftBasicSample" */;
			buildPhases = (
				2452C965194F041B00850235 /* Sources */,
				2452C966194F041B00850235 /* Frameworks */,
				2452C967194F041B00850235 /* Resources */,
			);
			buildRules = (
			);
			dependencies = (
			);
			name = SwiftBasicSample;
			productName = SwiftBasicSample;
			productReference = 2452C969194F041B00850235 /* SwiftBasicSample.app */;
			productType = "com.apple.product-type.application";
		};
		2452C975194F041B00850235 /* SwiftBasicSampleTests */ = {
			isa = PBXNativeTarget;
			buildConfigurationList = 2452C983194F041B00850235 /* Build configuration list for PBXNativeTarget "SwiftBasicSampleTests" */;
			buildPhases = (
				2452C972194F041B00850235 /* Sources */,
				2452C973194F041B00850235 /* Frameworks */,
				2452C974194F041B00850235 /* Resources */,
			);
			buildRules = (
			);
			dependencies = (
				2452C978194F041B00850235 /* PBXTargetDependency */,
			);
			name = SwiftBasicSampleTests;
			productName = SwiftBasicSampleTests;
			productReference = 2452C976194F041B00850235 /* SwiftBasicSampleTests.xctest */;
			productType = "com.apple.product-type.bundle.unit-test";
		};
		7430FE8F194F41D000BA965B /* SwiftClosureSample */ = {
			isa = PBXNativeTarget;
			buildConfigurationList = 7430FEA8194F41D000BA965B /* Build configuration list for PBXNativeTarget "SwiftClosureSample" */;
			buildPhases = (
				7430FE8C194F41D000BA965B /* Sources */,
				7430FE8D194F41D000BA965B /* Frameworks */,
				7430FE8E194F41D000BA965B /* Resources */,
			);
			buildRules = (
			);
			dependencies = (
			);
			name = SwiftClosureSample;
			productName = SwiftClosureSample;
			productReference = 7430FE90194F41D000BA965B /* SwiftClosureSample.app */;
			productType = "com.apple.product-type.application";
		};
		7430FE9B194F41D000BA965B /* SwiftClosureSampleTests */ = {
			isa = PBXNativeTarget;
			buildConfigurationList = 7430FEA9194F41D000BA965B /* Build configuration list for PBXNativeTarget "SwiftClosureSampleTests" */;
			buildPhases = (
				7430FE98194F41D000BA965B /* Sources */,
				7430FE99194F41D000BA965B /* Frameworks */,
				7430FE9A194F41D000BA965B /* Resources */,
			);
			buildRules = (
			);
			dependencies = (
				7430FE9E194F41D000BA965B /* PBXTargetDependency */,
				7430FEAB194F41D100BA965B /* PBXTargetDependency */,
				7430FEAD194F41D200BA965B /* PBXTargetDependency */,
				7430FEAF194F41D200BA965B /* PBXTargetDependency */,
			);
			name = SwiftClosureSampleTests;
			productName = SwiftClosureSampleTests;
			productReference = 7430FE9C194F41D000BA965B /* SwiftClosureSampleTests.xctest */;
			productType = "com.apple.product-type.bundle.unit-test";
		};
/* End PBXNativeTarget section */

/* Begin PBXProject section */
		2452C961194F041B00850235 /* Project object */ = {
			isa = PBXProject;
			attributes = {
				LastUpgradeCheck = 0600;
				ORGANIZATIONNAME = DehengXu;
				TargetAttributes = {
					2452C968194F041B00850235 = {
						CreatedOnToolsVersion = 6.0;
					};
					2452C975194F041B00850235 = {
						CreatedOnToolsVersion = 6.0;
						TestTargetID = 2452C968194F041B00850235;
					};
					7430FE8F194F41D000BA965B = {
						CreatedOnToolsVersion = 6.0;
					};
					7430FE9B194F41D000BA965B = {
						CreatedOnToolsVersion = 6.0;
						TestTargetID = 7430FE8F194F41D000BA965B;
					};
				};
			};
			buildConfigurationList = 2452C964194F041B00850235 /* Build configuration list for PBXProject "SwiftBasicSample" */;
			compatibilityVersion = "Xcode 3.2";
			developmentRegion = English;
			hasScannedForEncodings = 0;
			knownRegions = (
				en,
			);
			mainGroup = 2452C960194F041B00850235;
			productRefGroup = 2452C96A194F041B00850235 /* Products */;
			projectDirPath = "";
			projectRoot = "";
			targets = (
				2452C968194F041B00850235 /* SwiftBasicSample */,
				2452C975194F041B00850235 /* SwiftBasicSampleTests */,
				7430FE8F194F41D000BA965B /* SwiftClosureSample */,
				7430FE9B194F41D000BA965B /* SwiftClosureSampleTests */,
			);
		};
/* End PBXProject section */

/* Begin PBXResourcesBuildPhase section */
		2452C967194F041B00850235 /* Resources */ = {
			isa = PBXResourcesBuildPhase;
			buildActionMask = 2147483647;
			files = (
				2452C971194F041B00850235 /* Images.xcassets in Resources */,
			);
			runOnlyForDeploymentPostprocessing = 0;
		};
		2452C974194F041B00850235 /* Resources */ = {
			isa = PBXResourcesBuildPhase;
			buildActionMask = 2147483647;
			files = (
			);
			runOnlyForDeploymentPostprocessing = 0;
		};
		7430FE8E194F41D000BA965B /* Resources */ = {
			isa = PBXResourcesBuildPhase;
			buildActionMask = 2147483647;
			files = (
				7430FE97194F41D000BA965B /* Images.xcassets in Resources */,
			);
			runOnlyForDeploymentPostprocessing = 0;
		};
		7430FE9A194F41D000BA965B /* Resources */ = {
			isa = PBXResourcesBuildPhase;
			buildActionMask = 2147483647;
			files = (
			);
			runOnlyForDeploymentPostprocessing = 0;
		};
/* End PBXResourcesBuildPhase section */

/* Begin PBXSourcesBuildPhase section */
		2452C965194F041B00850235 /* Sources */ = {
			isa = PBXSourcesBuildPhase;
			buildActionMask = 2147483647;
			files = (
				2452C96F194F041B00850235 /* AppDelegate.swift in Sources */,
			);
			runOnlyForDeploymentPostprocessing = 0;
		};
		2452C972194F041B00850235 /* Sources */ = {
			isa = PBXSourcesBuildPhase;
			buildActionMask = 2147483647;
			files = (
				2452C97D194F041B00850235 /* SwiftBasicSampleTests.swift in Sources */,
			);
			runOnlyForDeploymentPostprocessing = 0;
		};
		7430FE8C194F41D000BA965B /* Sources */ = {
			isa = PBXSourcesBuildPhase;
			buildActionMask = 2147483647;
			files = (
				7430FE95194F41D000BA965B /* AppDelegate.swift in Sources */,
				7430FEB1194F428400BA965B /* ClosureSample.swift in Sources */,
			);
			runOnlyForDeploymentPostprocessing = 0;
		};
		7430FE98194F41D000BA965B /* Sources */ = {
			isa = PBXSourcesBuildPhase;
			buildActionMask = 2147483647;
			files = (
				7430FEA3194F41D000BA965B /* SwiftClosureSampleTests.swift in Sources */,
			);
			runOnlyForDeploymentPostprocessing = 0;
		};
/* End PBXSourcesBuildPhase section */

/* Begin PBXTargetDependency section */
		2452C978194F041B00850235 /* PBXTargetDependency */ = {
			isa = PBXTargetDependency;
			target = 2452C968194F041B00850235 /* SwiftBasicSample */;
			targetProxy = 2452C977194F041B00850235 /* PBXContainerItemProxy */;
		};
		7430FE9E194F41D000BA965B /* PBXTargetDependency */ = {
			isa = PBXTargetDependency;
			target = 7430FE8F194F41D000BA965B /* SwiftClosureSample */;
			targetProxy = 7430FE9D194F41D000BA965B /* PBXContainerItemProxy */;
		};
		7430FEAB194F41D100BA965B /* PBXTargetDependency */ = {
			isa = PBXTargetDependency;
			target = 7430FE8F194F41D000BA965B /* SwiftClosureSample */;
			targetProxy = 7430FEAA194F41D100BA965B /* PBXContainerItemProxy */;
		};
		7430FEAD194F41D200BA965B /* PBXTargetDependency */ = {
			isa = PBXTargetDependency;
			target = 7430FE8F194F41D000BA965B /* SwiftClosureSample */;
			targetProxy = 7430FEAC194F41D200BA965B /* PBXContainerItemProxy */;
		};
		7430FEAF194F41D200BA965B /* PBXTargetDependency */ = {
			isa = PBXTargetDependency;
			target = 7430FE8F194F41D000BA965B /* SwiftClosureSample */;
			targetProxy = 7430FEAE194F41D200BA965B /* PBXContainerItemProxy */;
		};
/* End PBXTargetDependency section */

/* Begin XCBuildConfiguration section */
		2452C97E194F041B00850235 /* Debug */ = {
			isa = XCBuildConfiguration;
			buildSettings = {
				ALWAYS_SEARCH_USER_PATHS = NO;
				CLANG_CXX_LANGUAGE_STANDARD = "gnu++0x";
				CLANG_CXX_LIBRARY = "libc++";
				CLANG_ENABLE_MODULES = YES;
				CLANG_ENABLE_OBJC_ARC = YES;
				CLANG_WARN_BOOL_CONVERSION = YES;
				CLANG_WARN_CONSTANT_CONVERSION = YES;
				CLANG_WARN_DIRECT_OBJC_ISA_USAGE = YES_ERROR;
				CLANG_WARN_EMPTY_BODY = YES;
				CLANG_WARN_ENUM_CONVERSION = YES;
				CLANG_WARN_INT_CONVERSION = YES;
				CLANG_WARN_OBJC_ROOT_CLASS = YES_ERROR;
				CLANG_WARN_UNREACHABLE_CODE = YES;
				CLANG_WARN__DUPLICATE_METHOD_MATCH = YES;
				"CODE_SIGN_IDENTITY[sdk=iphoneos*]" = "iPhone Developer";
				COPY_PHASE_STRIP = NO;
				ENABLE_STRICT_OBJC_MSGSEND = YES;
				GCC_C_LANGUAGE_STANDARD = gnu99;
				GCC_DYNAMIC_NO_PIC = NO;
				GCC_OPTIMIZATION_LEVEL = 0;
				GCC_PREPROCESSOR_DEFINITIONS = (
					"DEBUG=1",
					"$(inherited)",
				);
				GCC_SYMBOLS_PRIVATE_EXTERN = NO;
				GCC_WARN_64_TO_32_BIT_CONVERSION = YES;
				GCC_WARN_ABOUT_RETURN_TYPE = YES_ERROR;
				GCC_WARN_UNDECLARED_SELECTOR = YES;
				GCC_WARN_UNINITIALIZED_AUTOS = YES_AGGRESSIVE;
				GCC_WARN_UNUSED_FUNCTION = YES;
				GCC_WARN_UNUSED_VARIABLE = YES;
				IPHONEOS_DEPLOYMENT_TARGET = 8.0;
				METAL_ENABLE_DEBUG_INFO = YES;
				ONLY_ACTIVE_ARCH = YES;
				SDKROOT = iphoneos;
				SWIFT_OPTIMIZATION_LEVEL = "-Onone";
				TARGETED_DEVICE_FAMILY = "1,2";
			};
			name = Debug;
		};
		2452C97F194F041B00850235 /* Release */ = {
			isa = XCBuildConfiguration;
			buildSettings = {
				ALWAYS_SEARCH_USER_PATHS = NO;
				CLANG_CXX_LANGUAGE_STANDARD = "gnu++0x";
				CLANG_CXX_LIBRARY = "libc++";
				CLANG_ENABLE_MODULES = YES;
				CLANG_ENABLE_OBJC_ARC = YES;
				CLANG_WARN_BOOL_CONVERSION = YES;
				CLANG_WARN_CONSTANT_CONVERSION = YES;
				CLANG_WARN_DIRECT_OBJC_ISA_USAGE = YES_ERROR;
				CLANG_WARN_EMPTY_BODY = YES;
				CLANG_WARN_ENUM_CONVERSION = YES;
				CLANG_WARN_INT_CONVERSION = YES;
				CLANG_WARN_OBJC_ROOT_CLASS = YES_ERROR;
				CLANG_WARN_UNREACHABLE_CODE = YES;
				CLANG_WARN__DUPLICATE_METHOD_MATCH = YES;
				"CODE_SIGN_IDENTITY[sdk=iphoneos*]" = "iPhone Developer";
				COPY_PHASE_STRIP = YES;
				ENABLE_NS_ASSERTIONS = NO;
				ENABLE_STRICT_OBJC_MSGSEND = YES;
				GCC_C_LANGUAGE_STANDARD = gnu99;
				GCC_WARN_64_TO_32_BIT_CONVERSION = YES;
				GCC_WARN_ABOUT_RETURN_TYPE = YES_ERROR;
				GCC_WARN_UNDECLARED_SELECTOR = YES;
				GCC_WARN_UNINITIALIZED_AUTOS = YES_AGGRESSIVE;
				GCC_WARN_UNUSED_FUNCTION = YES;
				GCC_WARN_UNUSED_VARIABLE = YES;
				IPHONEOS_DEPLOYMENT_TARGET = 8.0;
				METAL_ENABLE_DEBUG_INFO = NO;
				SDKROOT = iphoneos;
				TARGETED_DEVICE_FAMILY = "1,2";
				VALIDATE_PRODUCT = YES;
			};
			name = Release;
		};
		2452C981194F041B00850235 /* Debug */ = {
			isa = XCBuildConfiguration;
			buildSettings = {
				ASSETCATALOG_COMPILER_APPICON_NAME = AppIcon;
				ASSETCATALOG_COMPILER_LAUNCHIMAGE_NAME = LaunchImage;
				INFOPLIST_FILE = SwiftBasicSample/Info.plist;
				LD_RUNPATH_SEARCH_PATHS = "$(inherited) @executable_path/Frameworks";
				PRODUCT_NAME = "$(TARGET_NAME)";
			};
			name = Debug;
		};
		2452C982194F041B00850235 /* Release */ = {
			isa = XCBuildConfiguration;
			buildSettings = {
				ASSETCATALOG_COMPILER_APPICON_NAME = AppIcon;
				ASSETCATALOG_COMPILER_LAUNCHIMAGE_NAME = LaunchImage;
				INFOPLIST_FILE = SwiftBasicSample/Info.plist;
				LD_RUNPATH_SEARCH_PATHS = "$(inherited) @executable_path/Frameworks";
				PRODUCT_NAME = "$(TARGET_NAME)";
			};
			name = Release;
		};
		2452C984194F041B00850235 /* Debug */ = {
			isa = XCBuildConfiguration;
			buildSettings = {
				BUNDLE_LOADER = "$(BUILT_PRODUCTS_DIR)/SwiftBasicSample.app/SwiftBasicSample";
				FRAMEWORK_SEARCH_PATHS = (
					"$(SDKROOT)/Developer/Library/Frameworks",
					"$(inherited)",
				);
				GCC_PREPROCESSOR_DEFINITIONS = (
					"DEBUG=1",
					"$(inherited)",
				);
				INFOPLIST_FILE = SwiftBasicSampleTests/Info.plist;
				LD_RUNPATH_SEARCH_PATHS = "$(inherited) @executable_path/Frameworks @loader_path/Frameworks";
				METAL_ENABLE_DEBUG_INFO = YES;
				PRODUCT_NAME = "$(TARGET_NAME)";
				TEST_HOST = "$(BUNDLE_LOADER)";
			};
			name = Debug;
		};
		2452C985194F041B00850235 /* Release */ = {
			isa = XCBuildConfiguration;
			buildSettings = {
				BUNDLE_LOADER = "$(BUILT_PRODUCTS_DIR)/SwiftBasicSample.app/SwiftBasicSample";
				FRAMEWORK_SEARCH_PATHS = (
					"$(SDKROOT)/Developer/Library/Frameworks",
					"$(inherited)",
				);
				INFOPLIST_FILE = SwiftBasicSampleTests/Info.plist;
				LD_RUNPATH_SEARCH_PATHS = "$(inherited) @executable_path/Frameworks @loader_path/Frameworks";
				METAL_ENABLE_DEBUG_INFO = NO;
				PRODUCT_NAME = "$(TARGET_NAME)";
				TEST_HOST = "$(BUNDLE_LOADER)";
			};
			name = Release;
		};
		7430FEA4194F41D000BA965B /* Debug */ = {
			isa = XCBuildConfiguration;
			buildSettings = {
				ASSETCATALOG_COMPILER_APPICON_NAME = AppIcon;
				ASSETCATALOG_COMPILER_LAUNCHIMAGE_NAME = LaunchImage;
				GCC_PREPROCESSOR_DEFINITIONS = (
					"DEBUG=1",
					"$(inherited)",
				);
				INFOPLIST_FILE = SwiftClosureSample/Info.plist;
				LD_RUNPATH_SEARCH_PATHS = "$(inherited) @executable_path/Frameworks";
				METAL_ENABLE_DEBUG_INFO = YES;
				PRODUCT_NAME = "$(TARGET_NAME)";
			};
			name = Debug;
		};
		7430FEA5194F41D000BA965B /* Release */ = {
			isa = XCBuildConfiguration;
			buildSettings = {
				ASSETCATALOG_COMPILER_APPICON_NAME = AppIcon;
				ASSETCATALOG_COMPILER_LAUNCHIMAGE_NAME = LaunchImage;
				INFOPLIST_FILE = SwiftClosureSample/Info.plist;
				LD_RUNPATH_SEARCH_PATHS = "$(inherited) @executable_path/Frameworks";
				METAL_ENABLE_DEBUG_INFO = NO;
				PRODUCT_NAME = "$(TARGET_NAME)";
			};
			name = Release;
		};
		7430FEA6194F41D000BA965B /* Debug */ = {
			isa = XCBuildConfiguration;
			buildSettings = {
				BUNDLE_LOADER = "$(BUILT_PRODUCTS_DIR)/SwiftClosureSample.app/SwiftClosureSample";
				FRAMEWORK_SEARCH_PATHS = (
					"$(SDKROOT)/Developer/Library/Frameworks",
					"$(inherited)",
				);
				GCC_PREPROCESSOR_DEFINITIONS = (
					"DEBUG=1",
					"$(inherited)",
				);
				INFOPLIST_FILE = SwiftClosureSampleTests/Info.plist;
				LD_RUNPATH_SEARCH_PATHS = "$(inherited) @executable_path/Frameworks @loader_path/Frameworks";
				METAL_ENABLE_DEBUG_INFO = YES;
				PRODUCT_NAME = "$(TARGET_NAME)";
				TEST_HOST = "$(BUNDLE_LOADER)";
			};
			name = Debug;
		};
		7430FEA7194F41D000BA965B /* Release */ = {
			isa = XCBuildConfiguration;
			buildSettings = {
				BUNDLE_LOADER = "$(BUILT_PRODUCTS_DIR)/SwiftClosureSample.app/SwiftClosureSample";
				FRAMEWORK_SEARCH_PATHS = (
					"$(SDKROOT)/Developer/Library/Frameworks",
					"$(inherited)",
				);
				INFOPLIST_FILE = SwiftClosureSampleTests/Info.plist;
				LD_RUNPATH_SEARCH_PATHS = "$(inherited) @executable_path/Frameworks @loader_path/Frameworks";
				METAL_ENABLE_DEBUG_INFO = NO;
				PRODUCT_NAME = "$(TARGET_NAME)";
				TEST_HOST = "$(BUNDLE_LOADER)";
			};
			name = Release;
		};
/* End XCBuildConfiguration section */

/* Begin XCConfigurationList section */
		2452C964194F041B00850235 /* Build configuration list for PBXProject "SwiftBasicSample" */ = {
			isa = XCConfigurationList;
			buildConfigurations = (
				2452C97E194F041B00850235 /* Debug */,
				2452C97F194F041B00850235 /* Release */,
			);
			defaultConfigurationIsVisible = 0;
			defaultConfigurationName = Release;
		};
		2452C980194F041B00850235 /* Build configuration list for PBXNativeTarget "SwiftBasicSample" */ = {
			isa = XCConfigurationList;
			buildConfigurations = (
				2452C981194F041B00850235 /* Debug */,
				2452C982194F041B00850235 /* Release */,
			);
			defaultConfigurationIsVisible = 0;
			defaultConfigurationName = Release;
		};
		2452C983194F041B00850235 /* Build configuration list for PBXNativeTarget "SwiftBasicSampleTests" */ = {
			isa = XCConfigurationList;
			buildConfigurations = (
				2452C984194F041B00850235 /* Debug */,
				2452C985194F041B00850235 /* Release */,
			);
			defaultConfigurationIsVisible = 0;
			defaultConfigurationName = Release;
		};
		7430FEA8194F41D000BA965B /* Build configuration list for PBXNativeTarget "SwiftClosureSample" */ = {
			isa = XCConfigurationList;
			buildConfigurations = (
				7430FEA4194F41D000BA965B /* Debug */,
				7430FEA5194F41D000BA965B /* Release */,
			);
			defaultConfigurationIsVisible = 0;
		};
		7430FEA9194F41D000BA965B /* Build configuration list for PBXNativeTarget "SwiftClosureSampleTests" */ = {
			isa = XCConfigurationList;
			buildConfigurations = (
				7430FEA6194F41D000BA965B /* Debug */,
				7430FEA7194F41D000BA965B /* Release */,
			);
			defaultConfigurationIsVisible = 0;
		};
/* End XCConfigurationList section */
	};
	rootObject = 2452C961194F041B00850235 /* Project object */;
}
